// !$*UTF8*$!
{
	archiveVersion = 1;
	classes = {
	};
	objectVersion = 55;
	objects = {

/* Begin PBXBuildFile section */
		B22EE4C8271F4A2300849D9C /* ShareManager.swift in Sources */ = {isa = PBXBuildFile; fileRef = B22EE4C7271F4A2300849D9C /* ShareManager.swift */; };
		B22EE4CB272094BD00849D9C /* AudioPlayer.swift in Sources */ = {isa = PBXBuildFile; fileRef = B22EE4C9272094BD00849D9C /* AudioPlayer.swift */; };
		B22EE4CC272094BD00849D9C /* AudioRecorder.swift in Sources */ = {isa = PBXBuildFile; fileRef = B22EE4CA272094BD00849D9C /* AudioRecorder.swift */; };
		B2FA341227209801003683F9 /* RecordingModel.swift in Sources */ = {isa = PBXBuildFile; fileRef = ECDDEC3A271DEE7800C526C2 /* RecordingModel.swift */; };
		B2FB98152719F007002AC06B /* URLManager.swift in Sources */ = {isa = PBXBuildFile; fileRef = B2FB98142719F007002AC06B /* URLManager.swift */; };
		B2FB981A2719FC04002AC06B /* CloudKit.framework in Frameworks */ = {isa = PBXBuildFile; fileRef = B2FB98192719FC04002AC06B /* CloudKit.framework */; };
		B2FB981C271A0037002AC06B /* CloudKitManager.swift in Sources */ = {isa = PBXBuildFile; fileRef = B2FB981B271A0037002AC06B /* CloudKitManager.swift */; };
		B40C7A2627176FCF00B818C9 /* FlashCardModel.swift in Sources */ = {isa = PBXBuildFile; fileRef = B40C7A2527176FCF00B818C9 /* FlashCardModel.swift */; };
		B40C7A28271774EB00B818C9 /* DeckModel.swift in Sources */ = {isa = PBXBuildFile; fileRef = B40C7A27271774EB00B818C9 /* DeckModel.swift */; };
		B43938432733257A007BE3CA /* AudioButtonView.swift in Sources */ = {isa = PBXBuildFile; fileRef = B439382A27332579007BE3CA /* AudioButtonView.swift */; };
		B43938442733257A007BE3CA /* RecordingsListView.swift in Sources */ = {isa = PBXBuildFile; fileRef = B439382B27332579007BE3CA /* RecordingsListView.swift */; };
		B43938452733257A007BE3CA /* NewDeckView.swift in Sources */ = {isa = PBXBuildFile; fileRef = B439382D2733257A007BE3CA /* NewDeckView.swift */; };
		B43938462733257A007BE3CA /* EmptyView.swift in Sources */ = {isa = PBXBuildFile; fileRef = B439382E2733257A007BE3CA /* EmptyView.swift */; };
		B43938472733257A007BE3CA /* SingleDeckView.swift in Sources */ = {isa = PBXBuildFile; fileRef = B439382F2733257A007BE3CA /* SingleDeckView.swift */; };
		B43938482733257A007BE3CA /* AllDecksView.swift in Sources */ = {isa = PBXBuildFile; fileRef = B43938302733257A007BE3CA /* AllDecksView.swift */; };
		B43938492733257A007BE3CA /* SearchView.swift in Sources */ = {isa = PBXBuildFile; fileRef = B43938322733257A007BE3CA /* SearchView.swift */; };
		B439384A2733257A007BE3CA /* SearchBar.swift in Sources */ = {isa = PBXBuildFile; fileRef = B43938332733257A007BE3CA /* SearchBar.swift */; };
		B439384B2733257A007BE3CA /* DeckView.swift in Sources */ = {isa = PBXBuildFile; fileRef = B43938352733257A007BE3CA /* DeckView.swift */; };
		B439384C2733257A007BE3CA /* NotificationView.swift in Sources */ = {isa = PBXBuildFile; fileRef = B43938372733257A007BE3CA /* NotificationView.swift */; };
		B439384D2733257A007BE3CA /* HorizontalScrollView.swift in Sources */ = {isa = PBXBuildFile; fileRef = B43938392733257A007BE3CA /* HorizontalScrollView.swift */; };
		B439384E2733257A007BE3CA /* HomeView.swift in Sources */ = {isa = PBXBuildFile; fileRef = B439383A2733257A007BE3CA /* HomeView.swift */; };
		B439384F2733257A007BE3CA /* CardStatusView.swift in Sources */ = {isa = PBXBuildFile; fileRef = B439383C2733257A007BE3CA /* CardStatusView.swift */; };
		B43938502733257A007BE3CA /* StandardButton.swift in Sources */ = {isa = PBXBuildFile; fileRef = B439383D2733257A007BE3CA /* StandardButton.swift */; };
		B43938512733257A007BE3CA /* CardFlipView.swift in Sources */ = {isa = PBXBuildFile; fileRef = B439383F2733257A007BE3CA /* CardFlipView.swift */; };
		B43938522733257A007BE3CA /* CardView.swift in Sources */ = {isa = PBXBuildFile; fileRef = B43938402733257A007BE3CA /* CardView.swift */; };
		B43938532733257A007BE3CA /* ShareView.swift in Sources */ = {isa = PBXBuildFile; fileRef = B43938422733257A007BE3CA /* ShareView.swift */; };
		B439385527332586007BE3CA /* UserDefaultsManager.swift in Sources */ = {isa = PBXBuildFile; fileRef = B439385427332586007BE3CA /* UserDefaultsManager.swift */; };
		B439385927332596007BE3CA /* Extensions.swift in Sources */ = {isa = PBXBuildFile; fileRef = B439385727332596007BE3CA /* Extensions.swift */; };
		B439385A27332596007BE3CA /* Helper.swift in Sources */ = {isa = PBXBuildFile; fileRef = B439385827332596007BE3CA /* Helper.swift */; };
		B446F3E22718BA4600BF4214 /* NotificationManager.swift in Sources */ = {isa = PBXBuildFile; fileRef = B446F3E12718BA4600BF4214 /* NotificationManager.swift */; };
		B499C984271768D500066FE2 /* FlashCardsApp.swift in Sources */ = {isa = PBXBuildFile; fileRef = B499C983271768D500066FE2 /* FlashCardsApp.swift */; };
		B499C986271768D500066FE2 /* ContentView.swift in Sources */ = {isa = PBXBuildFile; fileRef = B499C985271768D500066FE2 /* ContentView.swift */; };
		B499C988271768D600066FE2 /* Assets.xcassets in Resources */ = {isa = PBXBuildFile; fileRef = B499C987271768D600066FE2 /* Assets.xcassets */; };
		B499C98B271768D600066FE2 /* Preview Assets.xcassets in Resources */ = {isa = PBXBuildFile; fileRef = B499C98A271768D600066FE2 /* Preview Assets.xcassets */; };
/* End PBXBuildFile section */

/* Begin PBXFileReference section */
		B22EE4C7271F4A2300849D9C /* ShareManager.swift */ = {isa = PBXFileReference; lastKnownFileType = sourcecode.swift; path = ShareManager.swift; sourceTree = "<group>"; };
		B22EE4C9272094BD00849D9C /* AudioPlayer.swift */ = {isa = PBXFileReference; fileEncoding = 4; lastKnownFileType = sourcecode.swift; path = AudioPlayer.swift; sourceTree = "<group>"; };
		B22EE4CA272094BD00849D9C /* AudioRecorder.swift */ = {isa = PBXFileReference; fileEncoding = 4; lastKnownFileType = sourcecode.swift; path = AudioRecorder.swift; sourceTree = "<group>"; };
		B2FB98122718AA0E002AC06B /* Info.plist */ = {isa = PBXFileReference; lastKnownFileType = text.plist; path = Info.plist; sourceTree = "<group>"; };
		B2FB98142719F007002AC06B /* URLManager.swift */ = {isa = PBXFileReference; lastKnownFileType = sourcecode.swift; path = URLManager.swift; sourceTree = "<group>"; };
		B2FB98192719FC04002AC06B /* CloudKit.framework */ = {isa = PBXFileReference; lastKnownFileType = wrapper.framework; name = CloudKit.framework; path = System/Library/Frameworks/CloudKit.framework; sourceTree = SDKROOT; };
		B2FB981B271A0037002AC06B /* CloudKitManager.swift */ = {isa = PBXFileReference; lastKnownFileType = sourcecode.swift; path = CloudKitManager.swift; sourceTree = "<group>"; };
		B40C7A2527176FCF00B818C9 /* FlashCardModel.swift */ = {isa = PBXFileReference; fileEncoding = 4; lastKnownFileType = sourcecode.swift; path = FlashCardModel.swift; sourceTree = "<group>"; };
		B40C7A27271774EB00B818C9 /* DeckModel.swift */ = {isa = PBXFileReference; fileEncoding = 4; lastKnownFileType = sourcecode.swift; path = DeckModel.swift; sourceTree = "<group>"; };
		B439382A27332579007BE3CA /* AudioButtonView.swift */ = {isa = PBXFileReference; fileEncoding = 4; lastKnownFileType = sourcecode.swift; path = AudioButtonView.swift; sourceTree = "<group>"; };
		B439382B27332579007BE3CA /* RecordingsListView.swift */ = {isa = PBXFileReference; fileEncoding = 4; lastKnownFileType = sourcecode.swift; path = RecordingsListView.swift; sourceTree = "<group>"; };
		B439382D2733257A007BE3CA /* NewDeckView.swift */ = {isa = PBXFileReference; fileEncoding = 4; lastKnownFileType = sourcecode.swift; path = NewDeckView.swift; sourceTree = "<group>"; };
		B439382E2733257A007BE3CA /* EmptyView.swift */ = {isa = PBXFileReference; fileEncoding = 4; lastKnownFileType = sourcecode.swift; path = EmptyView.swift; sourceTree = "<group>"; };
		B439382F2733257A007BE3CA /* SingleDeckView.swift */ = {isa = PBXFileReference; fileEncoding = 4; lastKnownFileType = sourcecode.swift; path = SingleDeckView.swift; sourceTree = "<group>"; };
		B43938302733257A007BE3CA /* AllDecksView.swift */ = {isa = PBXFileReference; fileEncoding = 4; lastKnownFileType = sourcecode.swift; path = AllDecksView.swift; sourceTree = "<group>"; };
		B43938322733257A007BE3CA /* SearchView.swift */ = {isa = PBXFileReference; fileEncoding = 4; lastKnownFileType = sourcecode.swift; path = SearchView.swift; sourceTree = "<group>"; };
		B43938332733257A007BE3CA /* SearchBar.swift */ = {isa = PBXFileReference; fileEncoding = 4; lastKnownFileType = sourcecode.swift; path = SearchBar.swift; sourceTree = "<group>"; };
		B43938352733257A007BE3CA /* DeckView.swift */ = {isa = PBXFileReference; fileEncoding = 4; lastKnownFileType = sourcecode.swift; path = DeckView.swift; sourceTree = "<group>"; };
		B43938372733257A007BE3CA /* NotificationView.swift */ = {isa = PBXFileReference; fileEncoding = 4; lastKnownFileType = sourcecode.swift; path = NotificationView.swift; sourceTree = "<group>"; };
		B43938392733257A007BE3CA /* HorizontalScrollView.swift */ = {isa = PBXFileReference; fileEncoding = 4; lastKnownFileType = sourcecode.swift; path = HorizontalScrollView.swift; sourceTree = "<group>"; };
		B439383A2733257A007BE3CA /* HomeView.swift */ = {isa = PBXFileReference; fileEncoding = 4; lastKnownFileType = sourcecode.swift; path = HomeView.swift; sourceTree = "<group>"; };
		B439383C2733257A007BE3CA /* CardStatusView.swift */ = {isa = PBXFileReference; fileEncoding = 4; lastKnownFileType = sourcecode.swift; path = CardStatusView.swift; sourceTree = "<group>"; };
		B439383D2733257A007BE3CA /* StandardButton.swift */ = {isa = PBXFileReference; fileEncoding = 4; lastKnownFileType = sourcecode.swift; path = StandardButton.swift; sourceTree = "<group>"; };
		B439383F2733257A007BE3CA /* CardFlipView.swift */ = {isa = PBXFileReference; fileEncoding = 4; lastKnownFileType = sourcecode.swift; path = CardFlipView.swift; sourceTree = "<group>"; };
		B43938402733257A007BE3CA /* CardView.swift */ = {isa = PBXFileReference; fileEncoding = 4; lastKnownFileType = sourcecode.swift; path = CardView.swift; sourceTree = "<group>"; };
		B43938422733257A007BE3CA /* ShareView.swift */ = {isa = PBXFileReference; fileEncoding = 4; lastKnownFileType = sourcecode.swift; path = ShareView.swift; sourceTree = "<group>"; };
		B439385427332586007BE3CA /* UserDefaultsManager.swift */ = {isa = PBXFileReference; fileEncoding = 4; lastKnownFileType = sourcecode.swift; path = UserDefaultsManager.swift; sourceTree = "<group>"; };
		B439385727332596007BE3CA /* Extensions.swift */ = {isa = PBXFileReference; fileEncoding = 4; lastKnownFileType = sourcecode.swift; path = Extensions.swift; sourceTree = "<group>"; };
		B439385827332596007BE3CA /* Helper.swift */ = {isa = PBXFileReference; fileEncoding = 4; lastKnownFileType = sourcecode.swift; path = Helper.swift; sourceTree = "<group>"; };
		B446F3E12718BA4600BF4214 /* NotificationManager.swift */ = {isa = PBXFileReference; fileEncoding = 4; lastKnownFileType = sourcecode.swift; path = NotificationManager.swift; sourceTree = "<group>"; };
		B446F3E32718BA6800BF4214 /* FlashCards.entitlements */ = {isa = PBXFileReference; fileEncoding = 4; lastKnownFileType = text.plist.entitlements; name = FlashCards.entitlements; path = FlashCards/FlashCards.entitlements; sourceTree = SOURCE_ROOT; };
		B499C980271768D500066FE2 /* FlashCards.app */ = {isa = PBXFileReference; explicitFileType = wrapper.application; includeInIndex = 0; path = FlashCards.app; sourceTree = BUILT_PRODUCTS_DIR; };
		B499C983271768D500066FE2 /* FlashCardsApp.swift */ = {isa = PBXFileReference; lastKnownFileType = sourcecode.swift; path = FlashCardsApp.swift; sourceTree = "<group>"; };
		B499C985271768D500066FE2 /* ContentView.swift */ = {isa = PBXFileReference; lastKnownFileType = sourcecode.swift; path = ContentView.swift; sourceTree = "<group>"; };
		B499C987271768D600066FE2 /* Assets.xcassets */ = {isa = PBXFileReference; lastKnownFileType = folder.assetcatalog; path = Assets.xcassets; sourceTree = "<group>"; };
		B499C98A271768D600066FE2 /* Preview Assets.xcassets */ = {isa = PBXFileReference; lastKnownFileType = folder.assetcatalog; path = "Preview Assets.xcassets"; sourceTree = "<group>"; };
		ECDDEC3A271DEE7800C526C2 /* RecordingModel.swift */ = {isa = PBXFileReference; lastKnownFileType = sourcecode.swift; path = RecordingModel.swift; sourceTree = "<group>"; };
/* End PBXFileReference section */

/* Begin PBXFrameworksBuildPhase section */
		B499C97D271768D500066FE2 /* Frameworks */ = {
			isa = PBXFrameworksBuildPhase;
			buildActionMask = 2147483647;
			files = (
				B2FB981A2719FC04002AC06B /* CloudKit.framework in Frameworks */,
			);
			runOnlyForDeploymentPostprocessing = 0;
		};
/* End PBXFrameworksBuildPhase section */

/* Begin PBXGroup section */
		B2FB98132719EFEE002AC06B /* Managers */ = {
			isa = PBXGroup;
			children = (
				B22EE4C9272094BD00849D9C /* AudioPlayer.swift */,
				B22EE4CA272094BD00849D9C /* AudioRecorder.swift */,
				B446F3E12718BA4600BF4214 /* NotificationManager.swift */,
				B2FB98142719F007002AC06B /* URLManager.swift */,
				B2FB981B271A0037002AC06B /* CloudKitManager.swift */,
				B22EE4C7271F4A2300849D9C /* ShareManager.swift */,
				B439385427332586007BE3CA /* UserDefaultsManager.swift */,
			);
			path = Managers;
			sourceTree = "<group>";
		};
		B2FB98182719FC04002AC06B /* Frameworks */ = {
			isa = PBXGroup;
			children = (
				B2FB98192719FC04002AC06B /* CloudKit.framework */,
			);
			name = Frameworks;
			sourceTree = "<group>";
		};
		B40756A327176A3C00B29D34 /* Model */ = {
			isa = PBXGroup;
			children = (
				B40C7A27271774EB00B818C9 /* DeckModel.swift */,
				B40C7A2527176FCF00B818C9 /* FlashCardModel.swift */,
				ECDDEC3A271DEE7800C526C2 /* RecordingModel.swift */,
			);
			path = Model;
			sourceTree = "<group>";
		};
		B40756A527176A5C00B29D34 /* FlashCard */ = {
			isa = PBXGroup;
			children = (
				B439382C2733257A007BE3CA /* AllDeck */,
				B439382927332579007BE3CA /* Audio */,
				B439383E2733257A007BE3CA /* Card */,
				B439383B2733257A007BE3CA /* Components */,
				B43938342733257A007BE3CA /* Deck */,
				B43938382733257A007BE3CA /* Home */,
				B43938362733257A007BE3CA /* Notification */,
				B43938312733257A007BE3CA /* Search */,
				B43938412733257A007BE3CA /* Share */,
			);
			path = FlashCard;
			sourceTree = "<group>";
		};
		B439382927332579007BE3CA /* Audio */ = {
			isa = PBXGroup;
			children = (
				B439382A27332579007BE3CA /* AudioButtonView.swift */,
				B439382B27332579007BE3CA /* RecordingsListView.swift */,
			);
			path = Audio;
			sourceTree = "<group>";
		};
		B439382C2733257A007BE3CA /* AllDeck */ = {
			isa = PBXGroup;
			children = (
				B439382D2733257A007BE3CA /* NewDeckView.swift */,
				B439382E2733257A007BE3CA /* EmptyView.swift */,
				B439382F2733257A007BE3CA /* SingleDeckView.swift */,
				B43938302733257A007BE3CA /* AllDecksView.swift */,
			);
			path = AllDeck;
			sourceTree = "<group>";
		};
		B43938312733257A007BE3CA /* Search */ = {
			isa = PBXGroup;
			children = (
				B43938322733257A007BE3CA /* SearchView.swift */,
				B43938332733257A007BE3CA /* SearchBar.swift */,
			);
			path = Search;
			sourceTree = "<group>";
		};
		B43938342733257A007BE3CA /* Deck */ = {
			isa = PBXGroup;
			children = (
				B43938352733257A007BE3CA /* DeckView.swift */,
			);
			path = Deck;
			sourceTree = "<group>";
		};
		B43938362733257A007BE3CA /* Notification */ = {
			isa = PBXGroup;
			children = (
				B43938372733257A007BE3CA /* NotificationView.swift */,
			);
			path = Notification;
			sourceTree = "<group>";
		};
		B43938382733257A007BE3CA /* Home */ = {
			isa = PBXGroup;
			children = (
				B43938392733257A007BE3CA /* HorizontalScrollView.swift */,
				B439383A2733257A007BE3CA /* HomeView.swift */,
			);
			path = Home;
			sourceTree = "<group>";
		};
		B439383B2733257A007BE3CA /* Components */ = {
			isa = PBXGroup;
			children = (
				B439383C2733257A007BE3CA /* CardStatusView.swift */,
				B439383D2733257A007BE3CA /* StandardButton.swift */,
			);
			path = Components;
			sourceTree = "<group>";
		};
		B439383E2733257A007BE3CA /* Card */ = {
			isa = PBXGroup;
			children = (
				B439383F2733257A007BE3CA /* CardFlipView.swift */,
				B43938402733257A007BE3CA /* CardView.swift */,
			);
			path = Card;
			sourceTree = "<group>";
		};
		B43938412733257A007BE3CA /* Share */ = {
			isa = PBXGroup;
			children = (
				B43938422733257A007BE3CA /* ShareView.swift */,
			);
			path = Share;
			sourceTree = "<group>";
		};
		B439385627332596007BE3CA /* Resources */ = {
			isa = PBXGroup;
			children = (
				B439385727332596007BE3CA /* Extensions.swift */,
				B439385827332596007BE3CA /* Helper.swift */,
			);
			path = Resources;
			sourceTree = "<group>";
		};
		B499C977271768D500066FE2 = {
			isa = PBXGroup;
			children = (
				B499C982271768D500066FE2 /* FlashCards */,
				B499C981271768D500066FE2 /* Products */,
				B2FB98182719FC04002AC06B /* Frameworks */,
			);
			sourceTree = "<group>";
		};
		B499C981271768D500066FE2 /* Products */ = {
			isa = PBXGroup;
			children = (
				B499C980271768D500066FE2 /* FlashCards.app */,
			);
			name = Products;
			sourceTree = "<group>";
		};
		B499C982271768D500066FE2 /* FlashCards */ = {
			isa = PBXGroup;
			children = (
				B2FB98122718AA0E002AC06B /* Info.plist */,
				B40756A327176A3C00B29D34 /* Model */,
				B40756A527176A5C00B29D34 /* FlashCard */,
				B446F3E32718BA6800BF4214 /* FlashCards.entitlements */,
				B499C983271768D500066FE2 /* FlashCardsApp.swift */,
				B499C985271768D500066FE2 /* ContentView.swift */,
				B2FB98132719EFEE002AC06B /* Managers */,
				B439385627332596007BE3CA /* Resources */,
				B499C987271768D600066FE2 /* Assets.xcassets */,
				B499C989271768D600066FE2 /* Preview Content */,
			);
			path = FlashCards;
			sourceTree = "<group>";
		};
		B499C989271768D600066FE2 /* Preview Content */ = {
			isa = PBXGroup;
			children = (
				B499C98A271768D600066FE2 /* Preview Assets.xcassets */,
			);
			path = "Preview Content";
			sourceTree = "<group>";
		};
/* End PBXGroup section */

/* Begin PBXNativeTarget section */
		B499C97F271768D500066FE2 /* FlashCards */ = {
			isa = PBXNativeTarget;
			buildConfigurationList = B499C98E271768D600066FE2 /* Build configuration list for PBXNativeTarget "FlashCards" */;
			buildPhases = (
				B499C97C271768D500066FE2 /* Sources */,
				B499C97D271768D500066FE2 /* Frameworks */,
				B499C97E271768D500066FE2 /* Resources */,
			);
			buildRules = (
			);
			dependencies = (
			);
			name = FlashCards;
			productName = FlashCards;
			productReference = B499C980271768D500066FE2 /* FlashCards.app */;
			productType = "com.apple.product-type.application";
		};
/* End PBXNativeTarget section */

/* Begin PBXProject section */
		B499C978271768D500066FE2 /* Project object */ = {
			isa = PBXProject;
			attributes = {
				BuildIndependentTargetsInParallel = 1;
				LastSwiftUpdateCheck = 1300;
				LastUpgradeCheck = 1300;
				TargetAttributes = {
					B499C97F271768D500066FE2 = {
						CreatedOnToolsVersion = 13.0;
					};
				};
			};
			buildConfigurationList = B499C97B271768D500066FE2 /* Build configuration list for PBXProject "FlashCards" */;
			compatibilityVersion = "Xcode 13.0";
			developmentRegion = en;
			hasScannedForEncodings = 0;
			knownRegions = (
				en,
				Base,
			);
			mainGroup = B499C977271768D500066FE2;
			productRefGroup = B499C981271768D500066FE2 /* Products */;
			projectDirPath = "";
			projectRoot = "";
			targets = (
				B499C97F271768D500066FE2 /* FlashCards */,
			);
		};
/* End PBXProject section */

/* Begin PBXResourcesBuildPhase section */
		B499C97E271768D500066FE2 /* Resources */ = {
			isa = PBXResourcesBuildPhase;
			buildActionMask = 2147483647;
			files = (
				B499C98B271768D600066FE2 /* Preview Assets.xcassets in Resources */,
				B499C988271768D600066FE2 /* Assets.xcassets in Resources */,
			);
			runOnlyForDeploymentPostprocessing = 0;
		};
/* End PBXResourcesBuildPhase section */

/* Begin PBXSourcesBuildPhase section */
		B499C97C271768D500066FE2 /* Sources */ = {
			isa = PBXSourcesBuildPhase;
			buildActionMask = 2147483647;
			files = (
				B439384F2733257A007BE3CA /* CardStatusView.swift in Sources */,
				B43938522733257A007BE3CA /* CardView.swift in Sources */,
				B2FA341227209801003683F9 /* RecordingModel.swift in Sources */,
				B43938462733257A007BE3CA /* EmptyView.swift in Sources */,
				B439384C2733257A007BE3CA /* NotificationView.swift in Sources */,
				B43938432733257A007BE3CA /* AudioButtonView.swift in Sources */,
				B43938502733257A007BE3CA /* StandardButton.swift in Sources */,
				B43938472733257A007BE3CA /* SingleDeckView.swift in Sources */,
				B43938512733257A007BE3CA /* CardFlipView.swift in Sources */,
				B40C7A28271774EB00B818C9 /* DeckModel.swift in Sources */,
				B2FB981C271A0037002AC06B /* CloudKitManager.swift in Sources */,
				B439384D2733257A007BE3CA /* HorizontalScrollView.swift in Sources */,
				B40C7A2627176FCF00B818C9 /* FlashCardModel.swift in Sources */,
				B446F3E22718BA4600BF4214 /* NotificationManager.swift in Sources */,
				B439385A27332596007BE3CA /* Helper.swift in Sources */,
				B43938452733257A007BE3CA /* NewDeckView.swift in Sources */,
				B499C986271768D500066FE2 /* ContentView.swift in Sources */,
				B43938492733257A007BE3CA /* SearchView.swift in Sources */,
				B43938482733257A007BE3CA /* AllDecksView.swift in Sources */,
				B22EE4CC272094BD00849D9C /* AudioRecorder.swift in Sources */,
				B2FB98152719F007002AC06B /* URLManager.swift in Sources */,
				B499C984271768D500066FE2 /* FlashCardsApp.swift in Sources */,
				B439384B2733257A007BE3CA /* DeckView.swift in Sources */,
				B439384A2733257A007BE3CA /* SearchBar.swift in Sources */,
				B439385527332586007BE3CA /* UserDefaultsManager.swift in Sources */,
				B43938442733257A007BE3CA /* RecordingsListView.swift in Sources */,
				B439385927332596007BE3CA /* Extensions.swift in Sources */,
				B43938532733257A007BE3CA /* ShareView.swift in Sources */,
				B22EE4C8271F4A2300849D9C /* ShareManager.swift in Sources */,
				B439384E2733257A007BE3CA /* HomeView.swift in Sources */,
				B22EE4CB272094BD00849D9C /* AudioPlayer.swift in Sources */,
			);
			runOnlyForDeploymentPostprocessing = 0;
		};
/* End PBXSourcesBuildPhase section */

/* Begin XCBuildConfiguration section */
		B499C98C271768D600066FE2 /* Debug */ = {
			isa = XCBuildConfiguration;
			buildSettings = {
				ALWAYS_SEARCH_USER_PATHS = NO;
				CLANG_ANALYZER_NONNULL = YES;
				CLANG_ANALYZER_NUMBER_OBJECT_CONVERSION = YES_AGGRESSIVE;
				CLANG_CXX_LANGUAGE_STANDARD = "gnu++17";
				CLANG_CXX_LIBRARY = "libc++";
				CLANG_ENABLE_MODULES = YES;
				CLANG_ENABLE_OBJC_ARC = YES;
				CLANG_ENABLE_OBJC_WEAK = YES;
				CLANG_WARN_BLOCK_CAPTURE_AUTORELEASING = YES;
				CLANG_WARN_BOOL_CONVERSION = YES;
				CLANG_WARN_COMMA = YES;
				CLANG_WARN_CONSTANT_CONVERSION = YES;
				CLANG_WARN_DEPRECATED_OBJC_IMPLEMENTATIONS = YES;
				CLANG_WARN_DIRECT_OBJC_ISA_USAGE = YES_ERROR;
				CLANG_WARN_DOCUMENTATION_COMMENTS = YES;
				CLANG_WARN_EMPTY_BODY = YES;
				CLANG_WARN_ENUM_CONVERSION = YES;
				CLANG_WARN_INFINITE_RECURSION = YES;
				CLANG_WARN_INT_CONVERSION = YES;
				CLANG_WARN_NON_LITERAL_NULL_CONVERSION = YES;
				CLANG_WARN_OBJC_IMPLICIT_RETAIN_SELF = YES;
				CLANG_WARN_OBJC_LITERAL_CONVERSION = YES;
				CLANG_WARN_OBJC_ROOT_CLASS = YES_ERROR;
				CLANG_WARN_QUOTED_INCLUDE_IN_FRAMEWORK_HEADER = YES;
				CLANG_WARN_RANGE_LOOP_ANALYSIS = YES;
				CLANG_WARN_STRICT_PROTOTYPES = YES;
				CLANG_WARN_SUSPICIOUS_MOVE = YES;
				CLANG_WARN_UNGUARDED_AVAILABILITY = YES_AGGRESSIVE;
				CLANG_WARN_UNREACHABLE_CODE = YES;
				CLANG_WARN__DUPLICATE_METHOD_MATCH = YES;
				COPY_PHASE_STRIP = NO;
				DEBUG_INFORMATION_FORMAT = dwarf;
				ENABLE_STRICT_OBJC_MSGSEND = YES;
				ENABLE_TESTABILITY = YES;
				GCC_C_LANGUAGE_STANDARD = gnu11;
				GCC_DYNAMIC_NO_PIC = NO;
				GCC_NO_COMMON_BLOCKS = YES;
				GCC_OPTIMIZATION_LEVEL = 0;
				GCC_PREPROCESSOR_DEFINITIONS = (
					"DEBUG=1",
					"$(inherited)",
				);
				GCC_WARN_64_TO_32_BIT_CONVERSION = YES;
				GCC_WARN_ABOUT_RETURN_TYPE = YES_ERROR;
				GCC_WARN_UNDECLARED_SELECTOR = YES;
				GCC_WARN_UNINITIALIZED_AUTOS = YES_AGGRESSIVE;
				GCC_WARN_UNUSED_FUNCTION = YES;
				GCC_WARN_UNUSED_VARIABLE = YES;
				IPHONEOS_DEPLOYMENT_TARGET = 15.0;
				MTL_ENABLE_DEBUG_INFO = INCLUDE_SOURCE;
				MTL_FAST_MATH = YES;
				ONLY_ACTIVE_ARCH = YES;
				SDKROOT = iphoneos;
				SWIFT_ACTIVE_COMPILATION_CONDITIONS = DEBUG;
				SWIFT_OPTIMIZATION_LEVEL = "-Onone";
			};
			name = Debug;
		};
		B499C98D271768D600066FE2 /* Release */ = {
			isa = XCBuildConfiguration;
			buildSettings = {
				ALWAYS_SEARCH_USER_PATHS = NO;
				CLANG_ANALYZER_NONNULL = YES;
				CLANG_ANALYZER_NUMBER_OBJECT_CONVERSION = YES_AGGRESSIVE;
				CLANG_CXX_LANGUAGE_STANDARD = "gnu++17";
				CLANG_CXX_LIBRARY = "libc++";
				CLANG_ENABLE_MODULES = YES;
				CLANG_ENABLE_OBJC_ARC = YES;
				CLANG_ENABLE_OBJC_WEAK = YES;
				CLANG_WARN_BLOCK_CAPTURE_AUTORELEASING = YES;
				CLANG_WARN_BOOL_CONVERSION = YES;
				CLANG_WARN_COMMA = YES;
				CLANG_WARN_CONSTANT_CONVERSION = YES;
				CLANG_WARN_DEPRECATED_OBJC_IMPLEMENTATIONS = YES;
				CLANG_WARN_DIRECT_OBJC_ISA_USAGE = YES_ERROR;
				CLANG_WARN_DOCUMENTATION_COMMENTS = YES;
				CLANG_WARN_EMPTY_BODY = YES;
				CLANG_WARN_ENUM_CONVERSION = YES;
				CLANG_WARN_INFINITE_RECURSION = YES;
				CLANG_WARN_INT_CONVERSION = YES;
				CLANG_WARN_NON_LITERAL_NULL_CONVERSION = YES;
				CLANG_WARN_OBJC_IMPLICIT_RETAIN_SELF = YES;
				CLANG_WARN_OBJC_LITERAL_CONVERSION = YES;
				CLANG_WARN_OBJC_ROOT_CLASS = YES_ERROR;
				CLANG_WARN_QUOTED_INCLUDE_IN_FRAMEWORK_HEADER = YES;
				CLANG_WARN_RANGE_LOOP_ANALYSIS = YES;
				CLANG_WARN_STRICT_PROTOTYPES = YES;
				CLANG_WARN_SUSPICIOUS_MOVE = YES;
				CLANG_WARN_UNGUARDED_AVAILABILITY = YES_AGGRESSIVE;
				CLANG_WARN_UNREACHABLE_CODE = YES;
				CLANG_WARN__DUPLICATE_METHOD_MATCH = YES;
				COPY_PHASE_STRIP = NO;
				DEBUG_INFORMATION_FORMAT = "dwarf-with-dsym";
				ENABLE_NS_ASSERTIONS = NO;
				ENABLE_STRICT_OBJC_MSGSEND = YES;
				GCC_C_LANGUAGE_STANDARD = gnu11;
				GCC_NO_COMMON_BLOCKS = YES;
				GCC_WARN_64_TO_32_BIT_CONVERSION = YES;
				GCC_WARN_ABOUT_RETURN_TYPE = YES_ERROR;
				GCC_WARN_UNDECLARED_SELECTOR = YES;
				GCC_WARN_UNINITIALIZED_AUTOS = YES_AGGRESSIVE;
				GCC_WARN_UNUSED_FUNCTION = YES;
				GCC_WARN_UNUSED_VARIABLE = YES;
				IPHONEOS_DEPLOYMENT_TARGET = 15.0;
				MTL_ENABLE_DEBUG_INFO = NO;
				MTL_FAST_MATH = YES;
				SDKROOT = iphoneos;
				SWIFT_COMPILATION_MODE = wholemodule;
				SWIFT_OPTIMIZATION_LEVEL = "-O";
				VALIDATE_PRODUCT = YES;
			};
			name = Release;
		};
		B499C98F271768D600066FE2 /* Debug */ = {
			isa = XCBuildConfiguration;
			buildSettings = {
				ASSETCATALOG_COMPILER_APPICON_NAME = AppIcon;
				ASSETCATALOG_COMPILER_GLOBAL_ACCENT_COLOR_NAME = AccentColor;
				CODE_SIGN_ENTITLEMENTS = FlashCards/FlashCards.entitlements;
				CODE_SIGN_IDENTITY = "iPhone Developer";
				CODE_SIGN_STYLE = Manual;
				CURRENT_PROJECT_VERSION = 1;
				DEVELOPMENT_ASSET_PATHS = "\"FlashCards/Preview Content\"";
				DEVELOPMENT_TEAM = 26UK52Y76J;
				ENABLE_PREVIEWS = YES;
				GENERATE_INFOPLIST_FILE = YES;
				INFOPLIST_FILE = FlashCards/Info.plist;
				INFOPLIST_KEY_UIApplicationSceneManifest_Generation = YES;
				INFOPLIST_KEY_UIApplicationSupportsIndirectInputEvents = YES;
				INFOPLIST_KEY_UILaunchScreen_Generation = YES;
				INFOPLIST_KEY_UISupportedInterfaceOrientations_iPad = "UIInterfaceOrientationPortrait UIInterfaceOrientationPortraitUpsideDown UIInterfaceOrientationLandscapeLeft UIInterfaceOrientationLandscapeRight";
				INFOPLIST_KEY_UISupportedInterfaceOrientations_iPhone = "UIInterfaceOrientationPortrait UIInterfaceOrientationLandscapeLeft UIInterfaceOrientationLandscapeRight";
				IPHONEOS_DEPLOYMENT_TARGET = 14.0;
				LD_RUNPATH_SEARCH_PATHS = (
					"$(inherited)",
					"@executable_path/Frameworks",
				);
				MARKETING_VERSION = 1.0;
				PRODUCT_BUNDLE_IDENTIFIER = hojinRyu.FlashCard;
				PRODUCT_NAME = "$(TARGET_NAME)";
				PROVISIONING_PROFILE_SPECIFIER = flashcard_dev;
				SWIFT_EMIT_LOC_STRINGS = YES;
				SWIFT_VERSION = 5.0;
				TARGETED_DEVICE_FAMILY = "1,2";
			};
			name = Debug;
		};
		B499C990271768D600066FE2 /* Release */ = {
			isa = XCBuildConfiguration;
			buildSettings = {
				ASSETCATALOG_COMPILER_APPICON_NAME = AppIcon;
				ASSETCATALOG_COMPILER_GLOBAL_ACCENT_COLOR_NAME = AccentColor;
				CODE_SIGN_ENTITLEMENTS = FlashCards/FlashCards.entitlements;
				CODE_SIGN_IDENTITY = "iPhone Developer";
				CODE_SIGN_STYLE = Manual;
				CURRENT_PROJECT_VERSION = 1;
				DEVELOPMENT_ASSET_PATHS = "\"FlashCards/Preview Content\"";
				DEVELOPMENT_TEAM = 9VK68KN5GR;
				ENABLE_PREVIEWS = YES;
				GENERATE_INFOPLIST_FILE = YES;
				INFOPLIST_FILE = FlashCards/Info.plist;
				INFOPLIST_KEY_UIApplicationSceneManifest_Generation = YES;
				INFOPLIST_KEY_UIApplicationSupportsIndirectInputEvents = YES;
				INFOPLIST_KEY_UILaunchScreen_Generation = YES;
				INFOPLIST_KEY_UISupportedInterfaceOrientations_iPad = "UIInterfaceOrientationPortrait UIInterfaceOrientationPortraitUpsideDown UIInterfaceOrientationLandscapeLeft UIInterfaceOrientationLandscapeRight";
				INFOPLIST_KEY_UISupportedInterfaceOrientations_iPhone = "UIInterfaceOrientationPortrait UIInterfaceOrientationLandscapeLeft UIInterfaceOrientationLandscapeRight";
				IPHONEOS_DEPLOYMENT_TARGET = 14.0;
				LD_RUNPATH_SEARCH_PATHS = (
					"$(inherited)",
					"@executable_path/Frameworks",
				);
				MARKETING_VERSION = 1.0;
				PRODUCT_BUNDLE_IDENTIFIER = hojinRyu.FlashCard;
				PRODUCT_NAME = "$(TARGET_NAME)";
				PROVISIONING_PROFILE_SPECIFIER = flashcard_dev;
				SWIFT_EMIT_LOC_STRINGS = YES;
				SWIFT_VERSION = 5.0;
				TARGETED_DEVICE_FAMILY = "1,2";
			};
			name = Release;
		};
/* End XCBuildConfiguration section */

/* Begin XCConfigurationList section */
		B499C97B271768D500066FE2 /* Build configuration list for PBXProject "FlashCards" */ = {
			isa = XCConfigurationList;
			buildConfigurations = (
				B499C98C271768D600066FE2 /* Debug */,
				B499C98D271768D600066FE2 /* Release */,
			);
			defaultConfigurationIsVisible = 0;
			defaultConfigurationName = Release;
		};
		B499C98E271768D600066FE2 /* Build configuration list for PBXNativeTarget "FlashCards" */ = {
			isa = XCConfigurationList;
			buildConfigurations = (
				B499C98F271768D600066FE2 /* Debug */,
				B499C990271768D600066FE2 /* Release */,
			);
			defaultConfigurationIsVisible = 0;
			defaultConfigurationName = Release;
		};
/* End XCConfigurationList section */
	};
	rootObject = B499C978271768D500066FE2 /* Project object */;
}
