// !$*UTF8*$!
{
	archiveVersion = 1;
	classes = {
	};
	objectVersion = 55;
	objects = {

/* Begin PBXBuildFile section */
		B2FB981A2719FC04002AC06B /* CloudKit.framework in Frameworks */ = {isa = PBXBuildFile; fileRef = B2FB98192719FC04002AC06B /* CloudKit.framework */; };
		B467EE5127359C6000559E65 /* DeckModel.swift in Sources */ = {isa = PBXBuildFile; fileRef = B467EE4E27359C6000559E65 /* DeckModel.swift */; };
		B467EE5227359C6000559E65 /* FlashCardModel.swift in Sources */ = {isa = PBXBuildFile; fileRef = B467EE4F27359C6000559E65 /* FlashCardModel.swift */; };
		B467EE5327359C6000559E65 /* RecordingModel.swift in Sources */ = {isa = PBXBuildFile; fileRef = B467EE5027359C6000559E65 /* RecordingModel.swift */; };
		B467EE5C27359C6F00559E65 /* AudioPlayer.swift in Sources */ = {isa = PBXBuildFile; fileRef = B467EE5527359C6F00559E65 /* AudioPlayer.swift */; };
		B467EE5D27359C6F00559E65 /* NotificationManager.swift in Sources */ = {isa = PBXBuildFile; fileRef = B467EE5627359C6F00559E65 /* NotificationManager.swift */; };
		B467EE5E27359C6F00559E65 /* UserDefaultsManager.swift in Sources */ = {isa = PBXBuildFile; fileRef = B467EE5727359C6F00559E65 /* UserDefaultsManager.swift */; };
		B467EE5F27359C6F00559E65 /* URLManager.swift in Sources */ = {isa = PBXBuildFile; fileRef = B467EE5827359C6F00559E65 /* URLManager.swift */; };
		B467EE6027359C6F00559E65 /* ShareManager.swift in Sources */ = {isa = PBXBuildFile; fileRef = B467EE5927359C6F00559E65 /* ShareManager.swift */; };
		B467EE6127359C6F00559E65 /* CloudKitManager.swift in Sources */ = {isa = PBXBuildFile; fileRef = B467EE5A27359C6F00559E65 /* CloudKitManager.swift */; };
		B467EE6227359C6F00559E65 /* AudioRecorder.swift in Sources */ = {isa = PBXBuildFile; fileRef = B467EE5B27359C6F00559E65 /* AudioRecorder.swift */; };
		B467EE6627359C9E00559E65 /* Extensions.swift in Sources */ = {isa = PBXBuildFile; fileRef = B467EE6427359C9E00559E65 /* Extensions.swift */; };
		B467EE6727359C9E00559E65 /* Helper.swift in Sources */ = {isa = PBXBuildFile; fileRef = B467EE6527359C9E00559E65 /* Helper.swift */; };
		B499C984271768D500066FE2 /* FlashCardsApp.swift in Sources */ = {isa = PBXBuildFile; fileRef = B499C983271768D500066FE2 /* FlashCardsApp.swift */; };
		B499C986271768D500066FE2 /* ContentView.swift in Sources */ = {isa = PBXBuildFile; fileRef = B499C985271768D500066FE2 /* ContentView.swift */; };
		B499C988271768D600066FE2 /* Assets.xcassets in Resources */ = {isa = PBXBuildFile; fileRef = B499C987271768D600066FE2 /* Assets.xcassets */; };
		B499C98B271768D600066FE2 /* Preview Assets.xcassets in Resources */ = {isa = PBXBuildFile; fileRef = B499C98A271768D600066FE2 /* Preview Assets.xcassets */; };
		B4B6B71C2745810700FBDF4A /* HorizontalScrollView.swift in Sources */ = {isa = PBXBuildFile; fileRef = B4B6B6EE2745810600FBDF4A /* HorizontalScrollView.swift */; };
		B4B6B71D2745810700FBDF4A /* HomeView.swift in Sources */ = {isa = PBXBuildFile; fileRef = B4B6B6EF2745810600FBDF4A /* HomeView.swift */; };
		B4B6B71E2745810700FBDF4A /* SlideView.swift in Sources */ = {isa = PBXBuildFile; fileRef = B4B6B6F12745810600FBDF4A /* SlideView.swift */; };
		B4B6B71F2745810700FBDF4A /* CardViewSlide.swift in Sources */ = {isa = PBXBuildFile; fileRef = B4B6B6F22745810600FBDF4A /* CardViewSlide.swift */; };
		B4B6B7202745810700FBDF4A /* CardFlipView.swift in Sources */ = {isa = PBXBuildFile; fileRef = B4B6B6F42745810600FBDF4A /* CardFlipView.swift */; };
		B4B6B7212745810700FBDF4A /* NewCardSideView.swift in Sources */ = {isa = PBXBuildFile; fileRef = B4B6B6F52745810600FBDF4A /* NewCardSideView.swift */; };
		B4B6B7222745810700FBDF4A /* CardView.swift in Sources */ = {isa = PBXBuildFile; fileRef = B4B6B6F62745810600FBDF4A /* CardView.swift */; };
		B4B6B7232745810700FBDF4A /* NewCardView.swift in Sources */ = {isa = PBXBuildFile; fileRef = B4B6B6F72745810600FBDF4A /* NewCardView.swift */; };
		B4B6B7242745810700FBDF4A /* NotificationView.swift in Sources */ = {isa = PBXBuildFile; fileRef = B4B6B6F92745810600FBDF4A /* NotificationView.swift */; };
		B4B6B7252745810700FBDF4A /* EditDeckView.swift in Sources */ = {isa = PBXBuildFile; fileRef = B4B6B6FB2745810600FBDF4A /* EditDeckView.swift */; };
		B4B6B7262745810700FBDF4A /* PriorityPickerView.swift in Sources */ = {isa = PBXBuildFile; fileRef = B4B6B6FC2745810600FBDF4A /* PriorityPickerView.swift */; };
		B4B6B7272745810700FBDF4A /* ThemePickerView.swift in Sources */ = {isa = PBXBuildFile; fileRef = B4B6B6FD2745810600FBDF4A /* ThemePickerView.swift */; };
		B4B6B7282745810700FBDF4A /* PriorityPickerSingleButtonView.swift in Sources */ = {isa = PBXBuildFile; fileRef = B4B6B6FE2745810600FBDF4A /* PriorityPickerSingleButtonView.swift */; };
		B4B6B7292745810700FBDF4A /* ThemePickerSingleThemeView.swift in Sources */ = {isa = PBXBuildFile; fileRef = B4B6B6FF2745810600FBDF4A /* ThemePickerSingleThemeView.swift */; };
		B4B6B72A2745810700FBDF4A /* WeekdayPickerSingleDayView.swift in Sources */ = {isa = PBXBuildFile; fileRef = B4B6B7002745810600FBDF4A /* WeekdayPickerSingleDayView.swift */; };
		B4B6B72B2745810700FBDF4A /* WeekdayPickerView.swift in Sources */ = {isa = PBXBuildFile; fileRef = B4B6B7012745810600FBDF4A /* WeekdayPickerView.swift */; };
		B4B6B72C2745810700FBDF4A /* SearchView.swift in Sources */ = {isa = PBXBuildFile; fileRef = B4B6B7032745810600FBDF4A /* SearchView.swift */; };
		B4B6B72D2745810700FBDF4A /* SearchBar.swift in Sources */ = {isa = PBXBuildFile; fileRef = B4B6B7042745810600FBDF4A /* SearchBar.swift */; };
		B4B6B72E2745810700FBDF4A /* CardStatusView.swift in Sources */ = {isa = PBXBuildFile; fileRef = B4B6B7062745810600FBDF4A /* CardStatusView.swift */; };
		B4B6B72F2745810700FBDF4A /* StandardButton.swift in Sources */ = {isa = PBXBuildFile; fileRef = B4B6B7072745810600FBDF4A /* StandardButton.swift */; };
		B4B6B7302745810700FBDF4A /* AudioButtonView.swift in Sources */ = {isa = PBXBuildFile; fileRef = B4B6B7092745810600FBDF4A /* AudioButtonView.swift */; };
		B4B6B7312745810700FBDF4A /* RecordingsListView.swift in Sources */ = {isa = PBXBuildFile; fileRef = B4B6B70A2745810600FBDF4A /* RecordingsListView.swift */; };
		B4B6B7322745810700FBDF4A /* EditCardView.swift in Sources */ = {isa = PBXBuildFile; fileRef = B4B6B70C2745810600FBDF4A /* EditCardView.swift */; };
		B4B6B7332745810700FBDF4A /* EditCardSideView.swift in Sources */ = {isa = PBXBuildFile; fileRef = B4B6B70D2745810600FBDF4A /* EditCardSideView.swift */; };
		B4B6B7342745810700FBDF4A /* CustomButton.swift in Sources */ = {isa = PBXBuildFile; fileRef = B4B6B70F2745810600FBDF4A /* CustomButton.swift */; };
		B4B6B7352745810700FBDF4A /* TestView.swift in Sources */ = {isa = PBXBuildFile; fileRef = B4B6B7102745810600FBDF4A /* TestView.swift */; };
		B4B6B7362745810700FBDF4A /* CustomCorner.swift in Sources */ = {isa = PBXBuildFile; fileRef = B4B6B7112745810600FBDF4A /* CustomCorner.swift */; };
		B4B6B7372745810700FBDF4A /* CustomModal.swift in Sources */ = {isa = PBXBuildFile; fileRef = B4B6B7122745810600FBDF4A /* CustomModal.swift */; };
		B4B6B7382745810700FBDF4A /* NewDeckView.swift in Sources */ = {isa = PBXBuildFile; fileRef = B4B6B7142745810600FBDF4A /* NewDeckView.swift */; };
		B4B6B7392745810700FBDF4A /* EmptyView.swift in Sources */ = {isa = PBXBuildFile; fileRef = B4B6B7152745810600FBDF4A /* EmptyView.swift */; };
		B4B6B73A2745810700FBDF4A /* SingleDeckView.swift in Sources */ = {isa = PBXBuildFile; fileRef = B4B6B7162745810600FBDF4A /* SingleDeckView.swift */; };
		B4B6B73B2745810700FBDF4A /* AllDecksView.swift in Sources */ = {isa = PBXBuildFile; fileRef = B4B6B7172745810600FBDF4A /* AllDecksView.swift */; };
		B4B6B73C2745810700FBDF4A /* DeckView.swift in Sources */ = {isa = PBXBuildFile; fileRef = B4B6B7192745810600FBDF4A /* DeckView.swift */; };
		B4B6B73D2745810700FBDF4A /* ShareView.swift in Sources */ = {isa = PBXBuildFile; fileRef = B4B6B71B2745810600FBDF4A /* ShareView.swift */; };
/* End PBXBuildFile section */

/* Begin PBXFileReference section */
		B2FB98122718AA0E002AC06B /* Info.plist */ = {isa = PBXFileReference; lastKnownFileType = text.plist; path = Info.plist; sourceTree = "<group>"; };
		B2FB98192719FC04002AC06B /* CloudKit.framework */ = {isa = PBXFileReference; lastKnownFileType = wrapper.framework; name = CloudKit.framework; path = System/Library/Frameworks/CloudKit.framework; sourceTree = SDKROOT; };
		B446F3E32718BA6800BF4214 /* FlashCards.entitlements */ = {isa = PBXFileReference; fileEncoding = 4; lastKnownFileType = text.plist.entitlements; name = FlashCards.entitlements; path = FlashCards/FlashCards.entitlements; sourceTree = SOURCE_ROOT; };
		B467EE4E27359C6000559E65 /* DeckModel.swift */ = {isa = PBXFileReference; fileEncoding = 4; lastKnownFileType = sourcecode.swift; path = DeckModel.swift; sourceTree = "<group>"; };
		B467EE4F27359C6000559E65 /* FlashCardModel.swift */ = {isa = PBXFileReference; fileEncoding = 4; lastKnownFileType = sourcecode.swift; path = FlashCardModel.swift; sourceTree = "<group>"; };
		B467EE5027359C6000559E65 /* RecordingModel.swift */ = {isa = PBXFileReference; fileEncoding = 4; lastKnownFileType = sourcecode.swift; path = RecordingModel.swift; sourceTree = "<group>"; };
		B467EE5527359C6F00559E65 /* AudioPlayer.swift */ = {isa = PBXFileReference; fileEncoding = 4; lastKnownFileType = sourcecode.swift; path = AudioPlayer.swift; sourceTree = "<group>"; };
		B467EE5627359C6F00559E65 /* NotificationManager.swift */ = {isa = PBXFileReference; fileEncoding = 4; lastKnownFileType = sourcecode.swift; path = NotificationManager.swift; sourceTree = "<group>"; };
		B467EE5727359C6F00559E65 /* UserDefaultsManager.swift */ = {isa = PBXFileReference; fileEncoding = 4; lastKnownFileType = sourcecode.swift; path = UserDefaultsManager.swift; sourceTree = "<group>"; };
		B467EE5827359C6F00559E65 /* URLManager.swift */ = {isa = PBXFileReference; fileEncoding = 4; lastKnownFileType = sourcecode.swift; path = URLManager.swift; sourceTree = "<group>"; };
		B467EE5927359C6F00559E65 /* ShareManager.swift */ = {isa = PBXFileReference; fileEncoding = 4; lastKnownFileType = sourcecode.swift; path = ShareManager.swift; sourceTree = "<group>"; };
		B467EE5A27359C6F00559E65 /* CloudKitManager.swift */ = {isa = PBXFileReference; fileEncoding = 4; lastKnownFileType = sourcecode.swift; path = CloudKitManager.swift; sourceTree = "<group>"; };
		B467EE5B27359C6F00559E65 /* AudioRecorder.swift */ = {isa = PBXFileReference; fileEncoding = 4; lastKnownFileType = sourcecode.swift; path = AudioRecorder.swift; sourceTree = "<group>"; };
		B467EE6427359C9E00559E65 /* Extensions.swift */ = {isa = PBXFileReference; fileEncoding = 4; lastKnownFileType = sourcecode.swift; path = Extensions.swift; sourceTree = "<group>"; };
		B467EE6527359C9E00559E65 /* Helper.swift */ = {isa = PBXFileReference; fileEncoding = 4; lastKnownFileType = sourcecode.swift; path = Helper.swift; sourceTree = "<group>"; };
		B499C980271768D500066FE2 /* FlashCards.app */ = {isa = PBXFileReference; explicitFileType = wrapper.application; includeInIndex = 0; path = FlashCards.app; sourceTree = BUILT_PRODUCTS_DIR; };
		B499C983271768D500066FE2 /* FlashCardsApp.swift */ = {isa = PBXFileReference; lastKnownFileType = sourcecode.swift; path = FlashCardsApp.swift; sourceTree = "<group>"; };
		B499C985271768D500066FE2 /* ContentView.swift */ = {isa = PBXFileReference; lastKnownFileType = sourcecode.swift; path = ContentView.swift; sourceTree = "<group>"; };
		B499C987271768D600066FE2 /* Assets.xcassets */ = {isa = PBXFileReference; lastKnownFileType = folder.assetcatalog; path = Assets.xcassets; sourceTree = "<group>"; };
		B499C98A271768D600066FE2 /* Preview Assets.xcassets */ = {isa = PBXFileReference; lastKnownFileType = folder.assetcatalog; path = "Preview Assets.xcassets"; sourceTree = "<group>"; };
		B4B6B6EE2745810600FBDF4A /* HorizontalScrollView.swift */ = {isa = PBXFileReference; fileEncoding = 4; lastKnownFileType = sourcecode.swift; path = HorizontalScrollView.swift; sourceTree = "<group>"; };
		B4B6B6EF2745810600FBDF4A /* HomeView.swift */ = {isa = PBXFileReference; fileEncoding = 4; lastKnownFileType = sourcecode.swift; path = HomeView.swift; sourceTree = "<group>"; };
		B4B6B6F12745810600FBDF4A /* SlideView.swift */ = {isa = PBXFileReference; fileEncoding = 4; lastKnownFileType = sourcecode.swift; path = SlideView.swift; sourceTree = "<group>"; };
		B4B6B6F22745810600FBDF4A /* CardViewSlide.swift */ = {isa = PBXFileReference; fileEncoding = 4; lastKnownFileType = sourcecode.swift; path = CardViewSlide.swift; sourceTree = "<group>"; };
		B4B6B6F42745810600FBDF4A /* CardFlipView.swift */ = {isa = PBXFileReference; fileEncoding = 4; lastKnownFileType = sourcecode.swift; path = CardFlipView.swift; sourceTree = "<group>"; };
		B4B6B6F52745810600FBDF4A /* NewCardSideView.swift */ = {isa = PBXFileReference; fileEncoding = 4; lastKnownFileType = sourcecode.swift; path = NewCardSideView.swift; sourceTree = "<group>"; };
		B4B6B6F62745810600FBDF4A /* CardView.swift */ = {isa = PBXFileReference; fileEncoding = 4; lastKnownFileType = sourcecode.swift; path = CardView.swift; sourceTree = "<group>"; };
		B4B6B6F72745810600FBDF4A /* NewCardView.swift */ = {isa = PBXFileReference; fileEncoding = 4; lastKnownFileType = sourcecode.swift; path = NewCardView.swift; sourceTree = "<group>"; };
		B4B6B6F92745810600FBDF4A /* NotificationView.swift */ = {isa = PBXFileReference; fileEncoding = 4; lastKnownFileType = sourcecode.swift; path = NotificationView.swift; sourceTree = "<group>"; };
		B4B6B6FB2745810600FBDF4A /* EditDeckView.swift */ = {isa = PBXFileReference; fileEncoding = 4; lastKnownFileType = sourcecode.swift; path = EditDeckView.swift; sourceTree = "<group>"; };
		B4B6B6FC2745810600FBDF4A /* PriorityPickerView.swift */ = {isa = PBXFileReference; fileEncoding = 4; lastKnownFileType = sourcecode.swift; path = PriorityPickerView.swift; sourceTree = "<group>"; };
		B4B6B6FD2745810600FBDF4A /* ThemePickerView.swift */ = {isa = PBXFileReference; fileEncoding = 4; lastKnownFileType = sourcecode.swift; path = ThemePickerView.swift; sourceTree = "<group>"; };
		B4B6B6FE2745810600FBDF4A /* PriorityPickerSingleButtonView.swift */ = {isa = PBXFileReference; fileEncoding = 4; lastKnownFileType = sourcecode.swift; path = PriorityPickerSingleButtonView.swift; sourceTree = "<group>"; };
		B4B6B6FF2745810600FBDF4A /* ThemePickerSingleThemeView.swift */ = {isa = PBXFileReference; fileEncoding = 4; lastKnownFileType = sourcecode.swift; path = ThemePickerSingleThemeView.swift; sourceTree = "<group>"; };
		B4B6B7002745810600FBDF4A /* WeekdayPickerSingleDayView.swift */ = {isa = PBXFileReference; fileEncoding = 4; lastKnownFileType = sourcecode.swift; path = WeekdayPickerSingleDayView.swift; sourceTree = "<group>"; };
		B4B6B7012745810600FBDF4A /* WeekdayPickerView.swift */ = {isa = PBXFileReference; fileEncoding = 4; lastKnownFileType = sourcecode.swift; path = WeekdayPickerView.swift; sourceTree = "<group>"; };
		B4B6B7032745810600FBDF4A /* SearchView.swift */ = {isa = PBXFileReference; fileEncoding = 4; lastKnownFileType = sourcecode.swift; path = SearchView.swift; sourceTree = "<group>"; };
		B4B6B7042745810600FBDF4A /* SearchBar.swift */ = {isa = PBXFileReference; fileEncoding = 4; lastKnownFileType = sourcecode.swift; path = SearchBar.swift; sourceTree = "<group>"; };
		B4B6B7062745810600FBDF4A /* CardStatusView.swift */ = {isa = PBXFileReference; fileEncoding = 4; lastKnownFileType = sourcecode.swift; path = CardStatusView.swift; sourceTree = "<group>"; };
		B4B6B7072745810600FBDF4A /* StandardButton.swift */ = {isa = PBXFileReference; fileEncoding = 4; lastKnownFileType = sourcecode.swift; path = StandardButton.swift; sourceTree = "<group>"; };
		B4B6B7092745810600FBDF4A /* AudioButtonView.swift */ = {isa = PBXFileReference; fileEncoding = 4; lastKnownFileType = sourcecode.swift; path = AudioButtonView.swift; sourceTree = "<group>"; };
		B4B6B70A2745810600FBDF4A /* RecordingsListView.swift */ = {isa = PBXFileReference; fileEncoding = 4; lastKnownFileType = sourcecode.swift; path = RecordingsListView.swift; sourceTree = "<group>"; };
		B4B6B70C2745810600FBDF4A /* EditCardView.swift */ = {isa = PBXFileReference; fileEncoding = 4; lastKnownFileType = sourcecode.swift; path = EditCardView.swift; sourceTree = "<group>"; };
		B4B6B70D2745810600FBDF4A /* EditCardSideView.swift */ = {isa = PBXFileReference; fileEncoding = 4; lastKnownFileType = sourcecode.swift; path = EditCardSideView.swift; sourceTree = "<group>"; };
		B4B6B70F2745810600FBDF4A /* CustomButton.swift */ = {isa = PBXFileReference; fileEncoding = 4; lastKnownFileType = sourcecode.swift; path = CustomButton.swift; sourceTree = "<group>"; };
		B4B6B7102745810600FBDF4A /* TestView.swift */ = {isa = PBXFileReference; fileEncoding = 4; lastKnownFileType = sourcecode.swift; path = TestView.swift; sourceTree = "<group>"; };
		B4B6B7112745810600FBDF4A /* CustomCorner.swift */ = {isa = PBXFileReference; fileEncoding = 4; lastKnownFileType = sourcecode.swift; path = CustomCorner.swift; sourceTree = "<group>"; };
		B4B6B7122745810600FBDF4A /* CustomModal.swift */ = {isa = PBXFileReference; fileEncoding = 4; lastKnownFileType = sourcecode.swift; path = CustomModal.swift; sourceTree = "<group>"; };
		B4B6B7142745810600FBDF4A /* NewDeckView.swift */ = {isa = PBXFileReference; fileEncoding = 4; lastKnownFileType = sourcecode.swift; path = NewDeckView.swift; sourceTree = "<group>"; };
		B4B6B7152745810600FBDF4A /* EmptyView.swift */ = {isa = PBXFileReference; fileEncoding = 4; lastKnownFileType = sourcecode.swift; path = EmptyView.swift; sourceTree = "<group>"; };
		B4B6B7162745810600FBDF4A /* SingleDeckView.swift */ = {isa = PBXFileReference; fileEncoding = 4; lastKnownFileType = sourcecode.swift; path = SingleDeckView.swift; sourceTree = "<group>"; };
		B4B6B7172745810600FBDF4A /* AllDecksView.swift */ = {isa = PBXFileReference; fileEncoding = 4; lastKnownFileType = sourcecode.swift; path = AllDecksView.swift; sourceTree = "<group>"; };
		B4B6B7192745810600FBDF4A /* DeckView.swift */ = {isa = PBXFileReference; fileEncoding = 4; lastKnownFileType = sourcecode.swift; path = DeckView.swift; sourceTree = "<group>"; };
		B4B6B71B2745810600FBDF4A /* ShareView.swift */ = {isa = PBXFileReference; fileEncoding = 4; lastKnownFileType = sourcecode.swift; path = ShareView.swift; sourceTree = "<group>"; };
/* End PBXFileReference section */

/* Begin PBXFrameworksBuildPhase section */
		B499C97D271768D500066FE2 /* Frameworks */ = {
			isa = PBXFrameworksBuildPhase;
			buildActionMask = 2147483647;
			files = (
				B2FB981A2719FC04002AC06B /* CloudKit.framework in Frameworks */,
			);
			runOnlyForDeploymentPostprocessing = 0;
		};
/* End PBXFrameworksBuildPhase section */

/* Begin PBXGroup section */
		B2FB98182719FC04002AC06B /* Frameworks */ = {
			isa = PBXGroup;
			children = (
				B2FB98192719FC04002AC06B /* CloudKit.framework */,
			);
			name = Frameworks;
			sourceTree = "<group>";
		};
		B467EE4D27359C6000559E65 /* Model */ = {
			isa = PBXGroup;
			children = (
				B467EE4E27359C6000559E65 /* DeckModel.swift */,
				B467EE4F27359C6000559E65 /* FlashCardModel.swift */,
				B467EE5027359C6000559E65 /* RecordingModel.swift */,
			);
			path = Model;
			sourceTree = "<group>";
		};
		B467EE5427359C6F00559E65 /* Managers */ = {
			isa = PBXGroup;
			children = (
				B467EE5527359C6F00559E65 /* AudioPlayer.swift */,
				B467EE5627359C6F00559E65 /* NotificationManager.swift */,
				B467EE5727359C6F00559E65 /* UserDefaultsManager.swift */,
				B467EE5827359C6F00559E65 /* URLManager.swift */,
				B467EE5927359C6F00559E65 /* ShareManager.swift */,
				B467EE5A27359C6F00559E65 /* CloudKitManager.swift */,
				B467EE5B27359C6F00559E65 /* AudioRecorder.swift */,
			);
			path = Managers;
			sourceTree = "<group>";
		};
		B467EE6327359C9E00559E65 /* Resources */ = {
			isa = PBXGroup;
			children = (
				B467EE6427359C9E00559E65 /* Extensions.swift */,
				B467EE6527359C9E00559E65 /* Helper.swift */,
			);
			path = Resources;
			sourceTree = "<group>";
		};
		B499C977271768D500066FE2 = {
			isa = PBXGroup;
			children = (
				B499C982271768D500066FE2 /* FlashCards */,
				B499C981271768D500066FE2 /* Products */,
				B2FB98182719FC04002AC06B /* Frameworks */,
			);
			sourceTree = "<group>";
		};
		B499C981271768D500066FE2 /* Products */ = {
			isa = PBXGroup;
			children = (
				B499C980271768D500066FE2 /* FlashCards.app */,
			);
			name = Products;
			sourceTree = "<group>";
		};
		B499C982271768D500066FE2 /* FlashCards */ = {
			isa = PBXGroup;
			children = (
				B2FB98122718AA0E002AC06B /* Info.plist */,
				B467EE4D27359C6000559E65 /* Model */,
				B4B6B6EC2745810600FBDF4A /* FlashCard */,
				B467EE5427359C6F00559E65 /* Managers */,
				B467EE6327359C9E00559E65 /* Resources */,
				B446F3E32718BA6800BF4214 /* FlashCards.entitlements */,
				B499C983271768D500066FE2 /* FlashCardsApp.swift */,
				B499C985271768D500066FE2 /* ContentView.swift */,
				B499C987271768D600066FE2 /* Assets.xcassets */,
				B499C989271768D600066FE2 /* Preview Content */,
			);
			path = FlashCards;
			sourceTree = "<group>";
		};
		B499C989271768D600066FE2 /* Preview Content */ = {
			isa = PBXGroup;
			children = (
				B499C98A271768D600066FE2 /* Preview Assets.xcassets */,
			);
			path = "Preview Content";
			sourceTree = "<group>";
		};
		B4B6B6EC2745810600FBDF4A /* FlashCard */ = {
			isa = PBXGroup;
			children = (
				B4B6B6ED2745810600FBDF4A /* Home */,
				B4B6B6F02745810600FBDF4A /* SlideFlashCard */,
				B4B6B6F32745810600FBDF4A /* Card */,
				B4B6B6F82745810600FBDF4A /* Notification */,
				B4B6B6FA2745810600FBDF4A /* EditDeck */,
				B4B6B7022745810600FBDF4A /* Search */,
				B4B6B7052745810600FBDF4A /* Components */,
				B4B6B7082745810600FBDF4A /* Audio */,
				B4B6B70B2745810600FBDF4A /* EditCard */,
				B4B6B70E2745810600FBDF4A /* MenuModal */,
				B4B6B7132745810600FBDF4A /* AllDeck */,
				B4B6B7182745810600FBDF4A /* Deck */,
				B4B6B71A2745810600FBDF4A /* Share */,
			);
			path = FlashCard;
			sourceTree = "<group>";
		};
		B4B6B6ED2745810600FBDF4A /* Home */ = {
			isa = PBXGroup;
			children = (
				B4B6B6EE2745810600FBDF4A /* HorizontalScrollView.swift */,
				B4B6B6EF2745810600FBDF4A /* HomeView.swift */,
			);
			path = Home;
			sourceTree = "<group>";
		};
		B4B6B6F02745810600FBDF4A /* SlideFlashCard */ = {
			isa = PBXGroup;
			children = (
				B4B6B6F12745810600FBDF4A /* SlideView.swift */,
				B4B6B6F22745810600FBDF4A /* CardViewSlide.swift */,
			);
			path = SlideFlashCard;
			sourceTree = "<group>";
		};
		B4B6B6F32745810600FBDF4A /* Card */ = {
			isa = PBXGroup;
			children = (
				B4B6B6F42745810600FBDF4A /* CardFlipView.swift */,
				B4B6B6F52745810600FBDF4A /* NewCardSideView.swift */,
				B4B6B6F62745810600FBDF4A /* CardView.swift */,
				B4B6B6F72745810600FBDF4A /* NewCardView.swift */,
			);
			path = Card;
			sourceTree = "<group>";
		};
		B4B6B6F82745810600FBDF4A /* Notification */ = {
			isa = PBXGroup;
			children = (
				B4B6B6F92745810600FBDF4A /* NotificationView.swift */,
			);
			path = Notification;
			sourceTree = "<group>";
		};
		B4B6B6FA2745810600FBDF4A /* EditDeck */ = {
			isa = PBXGroup;
			children = (
				B4B6B6FB2745810600FBDF4A /* EditDeckView.swift */,
				B4B6B6FC2745810600FBDF4A /* PriorityPickerView.swift */,
				B4B6B6FD2745810600FBDF4A /* ThemePickerView.swift */,
				B4B6B6FE2745810600FBDF4A /* PriorityPickerSingleButtonView.swift */,
				B4B6B6FF2745810600FBDF4A /* ThemePickerSingleThemeView.swift */,
				B4B6B7002745810600FBDF4A /* WeekdayPickerSingleDayView.swift */,
				B4B6B7012745810600FBDF4A /* WeekdayPickerView.swift */,
			);
			path = EditDeck;
			sourceTree = "<group>";
		};
		B4B6B7022745810600FBDF4A /* Search */ = {
			isa = PBXGroup;
			children = (
				B4B6B7032745810600FBDF4A /* SearchView.swift */,
				B4B6B7042745810600FBDF4A /* SearchBar.swift */,
			);
			path = Search;
			sourceTree = "<group>";
		};
		B4B6B7052745810600FBDF4A /* Components */ = {
			isa = PBXGroup;
			children = (
				B4B6B7062745810600FBDF4A /* CardStatusView.swift */,
				B4B6B7072745810600FBDF4A /* StandardButton.swift */,
			);
			path = Components;
			sourceTree = "<group>";
		};
		B4B6B7082745810600FBDF4A /* Audio */ = {
			isa = PBXGroup;
			children = (
				B4B6B7092745810600FBDF4A /* AudioButtonView.swift */,
				B4B6B70A2745810600FBDF4A /* RecordingsListView.swift */,
			);
			path = Audio;
			sourceTree = "<group>";
		};
		B4B6B70B2745810600FBDF4A /* EditCard */ = {
			isa = PBXGroup;
			children = (
				B4B6B70C2745810600FBDF4A /* EditCardView.swift */,
				B4B6B70D2745810600FBDF4A /* EditCardSideView.swift */,
			);
			path = EditCard;
			sourceTree = "<group>";
		};
		B4B6B70E2745810600FBDF4A /* MenuModal */ = {
			isa = PBXGroup;
			children = (
				B4B6B70F2745810600FBDF4A /* CustomButton.swift */,
				B4B6B7102745810600FBDF4A /* TestView.swift */,
				B4B6B7112745810600FBDF4A /* CustomCorner.swift */,
				B4B6B7122745810600FBDF4A /* CustomModal.swift */,
			);
			path = MenuModal;
			sourceTree = "<group>";
		};
		B4B6B7132745810600FBDF4A /* AllDeck */ = {
			isa = PBXGroup;
			children = (
				B4B6B7142745810600FBDF4A /* NewDeckView.swift */,
				B4B6B7152745810600FBDF4A /* EmptyView.swift */,
				B4B6B7162745810600FBDF4A /* SingleDeckView.swift */,
				B4B6B7172745810600FBDF4A /* AllDecksView.swift */,
			);
			path = AllDeck;
			sourceTree = "<group>";
		};
		B4B6B7182745810600FBDF4A /* Deck */ = {
			isa = PBXGroup;
			children = (
				B4B6B7192745810600FBDF4A /* DeckView.swift */,
			);
			path = Deck;
			sourceTree = "<group>";
		};
		B4B6B71A2745810600FBDF4A /* Share */ = {
			isa = PBXGroup;
			children = (
				B4B6B71B2745810600FBDF4A /* ShareView.swift */,
			);
			path = Share;
			sourceTree = "<group>";
		};
/* End PBXGroup section */

/* Begin PBXNativeTarget section */
		B499C97F271768D500066FE2 /* FlashCards */ = {
			isa = PBXNativeTarget;
			buildConfigurationList = B499C98E271768D600066FE2 /* Build configuration list for PBXNativeTarget "FlashCards" */;
			buildPhases = (
				B499C97C271768D500066FE2 /* Sources */,
				B499C97D271768D500066FE2 /* Frameworks */,
				B499C97E271768D500066FE2 /* Resources */,
			);
			buildRules = (
			);
			dependencies = (
			);
			name = FlashCards;
			productName = FlashCards;
			productReference = B499C980271768D500066FE2 /* FlashCards.app */;
			productType = "com.apple.product-type.application";
		};
/* End PBXNativeTarget section */

/* Begin PBXProject section */
		B499C978271768D500066FE2 /* Project object */ = {
			isa = PBXProject;
			attributes = {
				BuildIndependentTargetsInParallel = 1;
				LastSwiftUpdateCheck = 1300;
				LastUpgradeCheck = 1300;
				TargetAttributes = {
					B499C97F271768D500066FE2 = {
						CreatedOnToolsVersion = 13.0;
					};
				};
			};
			buildConfigurationList = B499C97B271768D500066FE2 /* Build configuration list for PBXProject "FlashCards" */;
			compatibilityVersion = "Xcode 13.0";
			developmentRegion = en;
			hasScannedForEncodings = 0;
			knownRegions = (
				en,
				Base,
			);
			mainGroup = B499C977271768D500066FE2;
			productRefGroup = B499C981271768D500066FE2 /* Products */;
			projectDirPath = "";
			projectRoot = "";
			targets = (
				B499C97F271768D500066FE2 /* FlashCards */,
			);
		};
/* End PBXProject section */

/* Begin PBXResourcesBuildPhase section */
		B499C97E271768D500066FE2 /* Resources */ = {
			isa = PBXResourcesBuildPhase;
			buildActionMask = 2147483647;
			files = (
				B499C98B271768D600066FE2 /* Preview Assets.xcassets in Resources */,
				B499C988271768D600066FE2 /* Assets.xcassets in Resources */,
			);
			runOnlyForDeploymentPostprocessing = 0;
		};
/* End PBXResourcesBuildPhase section */

/* Begin PBXSourcesBuildPhase section */
		B499C97C271768D500066FE2 /* Sources */ = {
			isa = PBXSourcesBuildPhase;
			buildActionMask = 2147483647;
			files = (
				B4B6B7302745810700FBDF4A /* AudioButtonView.swift in Sources */,
				B467EE5227359C6000559E65 /* FlashCardModel.swift in Sources */,
				B4B6B71E2745810700FBDF4A /* SlideView.swift in Sources */,
				B467EE6127359C6F00559E65 /* CloudKitManager.swift in Sources */,
				B4B6B73C2745810700FBDF4A /* DeckView.swift in Sources */,
				B4B6B72B2745810700FBDF4A /* WeekdayPickerView.swift in Sources */,
				B4B6B7232745810700FBDF4A /* NewCardView.swift in Sources */,
				B4B6B7322745810700FBDF4A /* EditCardView.swift in Sources */,
				B4B6B7262745810700FBDF4A /* PriorityPickerView.swift in Sources */,
				B4B6B7242745810700FBDF4A /* NotificationView.swift in Sources */,
				B4B6B7252745810700FBDF4A /* EditDeckView.swift in Sources */,
				B4B6B7382745810700FBDF4A /* NewDeckView.swift in Sources */,
				B467EE5E27359C6F00559E65 /* UserDefaultsManager.swift in Sources */,
				B4B6B72E2745810700FBDF4A /* CardStatusView.swift in Sources */,
				B467EE6627359C9E00559E65 /* Extensions.swift in Sources */,
				B499C986271768D500066FE2 /* ContentView.swift in Sources */,
				B4B6B7362745810700FBDF4A /* CustomCorner.swift in Sources */,
				B4B6B71F2745810700FBDF4A /* CardViewSlide.swift in Sources */,
				B4B6B7312745810700FBDF4A /* RecordingsListView.swift in Sources */,
				B4B6B7282745810700FBDF4A /* PriorityPickerSingleButtonView.swift in Sources */,
				B4B6B7222745810700FBDF4A /* CardView.swift in Sources */,
				B467EE6227359C6F00559E65 /* AudioRecorder.swift in Sources */,
				B4B6B72C2745810700FBDF4A /* SearchView.swift in Sources */,
				B467EE5C27359C6F00559E65 /* AudioPlayer.swift in Sources */,
				B4B6B73D2745810700FBDF4A /* ShareView.swift in Sources */,
				B467EE5127359C6000559E65 /* DeckModel.swift in Sources */,
				B4B6B7392745810700FBDF4A /* EmptyView.swift in Sources */,
				B467EE5D27359C6F00559E65 /* NotificationManager.swift in Sources */,
				B4B6B72F2745810700FBDF4A /* StandardButton.swift in Sources */,
				B4B6B72A2745810700FBDF4A /* WeekdayPickerSingleDayView.swift in Sources */,
				B4B6B7372745810700FBDF4A /* CustomModal.swift in Sources */,
				B4B6B7272745810700FBDF4A /* ThemePickerView.swift in Sources */,
				B4B6B7342745810700FBDF4A /* CustomButton.swift in Sources */,
				B4B6B73A2745810700FBDF4A /* SingleDeckView.swift in Sources */,
				B4B6B72D2745810700FBDF4A /* SearchBar.swift in Sources */,
				B467EE6727359C9E00559E65 /* Helper.swift in Sources */,
				B4B6B71C2745810700FBDF4A /* HorizontalScrollView.swift in Sources */,
				B4B6B7332745810700FBDF4A /* EditCardSideView.swift in Sources */,
				B4B6B7292745810700FBDF4A /* ThemePickerSingleThemeView.swift in Sources */,
				B499C984271768D500066FE2 /* FlashCardsApp.swift in Sources */,
				B467EE5F27359C6F00559E65 /* URLManager.swift in Sources */,
				B4B6B7202745810700FBDF4A /* CardFlipView.swift in Sources */,
				B4B6B7212745810700FBDF4A /* NewCardSideView.swift in Sources */,
				B4B6B7352745810700FBDF4A /* TestView.swift in Sources */,
				B4B6B71D2745810700FBDF4A /* HomeView.swift in Sources */,
				B467EE5327359C6000559E65 /* RecordingModel.swift in Sources */,
				B467EE6027359C6F00559E65 /* ShareManager.swift in Sources */,
				B4B6B73B2745810700FBDF4A /* AllDecksView.swift in Sources */,
			);
			runOnlyForDeploymentPostprocessing = 0;
		};
/* End PBXSourcesBuildPhase section */

/* Begin XCBuildConfiguration section */
		B499C98C271768D600066FE2 /* Debug */ = {
			isa = XCBuildConfiguration;
			buildSettings = {
				ALWAYS_SEARCH_USER_PATHS = NO;
				CLANG_ANALYZER_NONNULL = YES;
				CLANG_ANALYZER_NUMBER_OBJECT_CONVERSION = YES_AGGRESSIVE;
				CLANG_CXX_LANGUAGE_STANDARD = "gnu++17";
				CLANG_CXX_LIBRARY = "libc++";
				CLANG_ENABLE_MODULES = YES;
				CLANG_ENABLE_OBJC_ARC = YES;
				CLANG_ENABLE_OBJC_WEAK = YES;
				CLANG_WARN_BLOCK_CAPTURE_AUTORELEASING = YES;
				CLANG_WARN_BOOL_CONVERSION = YES;
				CLANG_WARN_COMMA = YES;
				CLANG_WARN_CONSTANT_CONVERSION = YES;
				CLANG_WARN_DEPRECATED_OBJC_IMPLEMENTATIONS = YES;
				CLANG_WARN_DIRECT_OBJC_ISA_USAGE = YES_ERROR;
				CLANG_WARN_DOCUMENTATION_COMMENTS = YES;
				CLANG_WARN_EMPTY_BODY = YES;
				CLANG_WARN_ENUM_CONVERSION = YES;
				CLANG_WARN_INFINITE_RECURSION = YES;
				CLANG_WARN_INT_CONVERSION = YES;
				CLANG_WARN_NON_LITERAL_NULL_CONVERSION = YES;
				CLANG_WARN_OBJC_IMPLICIT_RETAIN_SELF = YES;
				CLANG_WARN_OBJC_LITERAL_CONVERSION = YES;
				CLANG_WARN_OBJC_ROOT_CLASS = YES_ERROR;
				CLANG_WARN_QUOTED_INCLUDE_IN_FRAMEWORK_HEADER = YES;
				CLANG_WARN_RANGE_LOOP_ANALYSIS = YES;
				CLANG_WARN_STRICT_PROTOTYPES = YES;
				CLANG_WARN_SUSPICIOUS_MOVE = YES;
				CLANG_WARN_UNGUARDED_AVAILABILITY = YES_AGGRESSIVE;
				CLANG_WARN_UNREACHABLE_CODE = YES;
				CLANG_WARN__DUPLICATE_METHOD_MATCH = YES;
				COPY_PHASE_STRIP = NO;
				DEBUG_INFORMATION_FORMAT = dwarf;
				ENABLE_STRICT_OBJC_MSGSEND = YES;
				ENABLE_TESTABILITY = YES;
				GCC_C_LANGUAGE_STANDARD = gnu11;
				GCC_DYNAMIC_NO_PIC = NO;
				GCC_NO_COMMON_BLOCKS = YES;
				GCC_OPTIMIZATION_LEVEL = 0;
				GCC_PREPROCESSOR_DEFINITIONS = (
					"DEBUG=1",
					"$(inherited)",
				);
				GCC_WARN_64_TO_32_BIT_CONVERSION = YES;
				GCC_WARN_ABOUT_RETURN_TYPE = YES_ERROR;
				GCC_WARN_UNDECLARED_SELECTOR = YES;
				GCC_WARN_UNINITIALIZED_AUTOS = YES_AGGRESSIVE;
				GCC_WARN_UNUSED_FUNCTION = YES;
				GCC_WARN_UNUSED_VARIABLE = YES;
				IPHONEOS_DEPLOYMENT_TARGET = 15.0;
				MTL_ENABLE_DEBUG_INFO = INCLUDE_SOURCE;
				MTL_FAST_MATH = YES;
				ONLY_ACTIVE_ARCH = YES;
				SDKROOT = iphoneos;
				SWIFT_ACTIVE_COMPILATION_CONDITIONS = DEBUG;
				SWIFT_OPTIMIZATION_LEVEL = "-Onone";
			};
			name = Debug;
		};
		B499C98D271768D600066FE2 /* Release */ = {
			isa = XCBuildConfiguration;
			buildSettings = {
				ALWAYS_SEARCH_USER_PATHS = NO;
				CLANG_ANALYZER_NONNULL = YES;
				CLANG_ANALYZER_NUMBER_OBJECT_CONVERSION = YES_AGGRESSIVE;
				CLANG_CXX_LANGUAGE_STANDARD = "gnu++17";
				CLANG_CXX_LIBRARY = "libc++";
				CLANG_ENABLE_MODULES = YES;
				CLANG_ENABLE_OBJC_ARC = YES;
				CLANG_ENABLE_OBJC_WEAK = YES;
				CLANG_WARN_BLOCK_CAPTURE_AUTORELEASING = YES;
				CLANG_WARN_BOOL_CONVERSION = YES;
				CLANG_WARN_COMMA = YES;
				CLANG_WARN_CONSTANT_CONVERSION = YES;
				CLANG_WARN_DEPRECATED_OBJC_IMPLEMENTATIONS = YES;
				CLANG_WARN_DIRECT_OBJC_ISA_USAGE = YES_ERROR;
				CLANG_WARN_DOCUMENTATION_COMMENTS = YES;
				CLANG_WARN_EMPTY_BODY = YES;
				CLANG_WARN_ENUM_CONVERSION = YES;
				CLANG_WARN_INFINITE_RECURSION = YES;
				CLANG_WARN_INT_CONVERSION = YES;
				CLANG_WARN_NON_LITERAL_NULL_CONVERSION = YES;
				CLANG_WARN_OBJC_IMPLICIT_RETAIN_SELF = YES;
				CLANG_WARN_OBJC_LITERAL_CONVERSION = YES;
				CLANG_WARN_OBJC_ROOT_CLASS = YES_ERROR;
				CLANG_WARN_QUOTED_INCLUDE_IN_FRAMEWORK_HEADER = YES;
				CLANG_WARN_RANGE_LOOP_ANALYSIS = YES;
				CLANG_WARN_STRICT_PROTOTYPES = YES;
				CLANG_WARN_SUSPICIOUS_MOVE = YES;
				CLANG_WARN_UNGUARDED_AVAILABILITY = YES_AGGRESSIVE;
				CLANG_WARN_UNREACHABLE_CODE = YES;
				CLANG_WARN__DUPLICATE_METHOD_MATCH = YES;
				COPY_PHASE_STRIP = NO;
				DEBUG_INFORMATION_FORMAT = "dwarf-with-dsym";
				ENABLE_NS_ASSERTIONS = NO;
				ENABLE_STRICT_OBJC_MSGSEND = YES;
				GCC_C_LANGUAGE_STANDARD = gnu11;
				GCC_NO_COMMON_BLOCKS = YES;
				GCC_WARN_64_TO_32_BIT_CONVERSION = YES;
				GCC_WARN_ABOUT_RETURN_TYPE = YES_ERROR;
				GCC_WARN_UNDECLARED_SELECTOR = YES;
				GCC_WARN_UNINITIALIZED_AUTOS = YES_AGGRESSIVE;
				GCC_WARN_UNUSED_FUNCTION = YES;
				GCC_WARN_UNUSED_VARIABLE = YES;
				IPHONEOS_DEPLOYMENT_TARGET = 15.0;
				MTL_ENABLE_DEBUG_INFO = NO;
				MTL_FAST_MATH = YES;
				SDKROOT = iphoneos;
				SWIFT_COMPILATION_MODE = wholemodule;
				SWIFT_OPTIMIZATION_LEVEL = "-O";
				VALIDATE_PRODUCT = YES;
			};
			name = Release;
		};
		B499C98F271768D600066FE2 /* Debug */ = {
			isa = XCBuildConfiguration;
			buildSettings = {
				ASSETCATALOG_COMPILER_APPICON_NAME = AppIcon;
				ASSETCATALOG_COMPILER_GLOBAL_ACCENT_COLOR_NAME = AccentColor;
				CODE_SIGN_ENTITLEMENTS = FlashCards/FlashCards.entitlements;
				CODE_SIGN_IDENTITY = "iPhone Developer";
				CODE_SIGN_STYLE = Manual;
				CURRENT_PROJECT_VERSION = 1;
				DEVELOPMENT_ASSET_PATHS = "\"FlashCards/Preview Content\"";
				DEVELOPMENT_TEAM = 26UK52Y76J;
				ENABLE_PREVIEWS = YES;
				GENERATE_INFOPLIST_FILE = YES;
				INFOPLIST_FILE = FlashCards/Info.plist;
				INFOPLIST_KEY_UIApplicationSceneManifest_Generation = YES;
				INFOPLIST_KEY_UIApplicationSupportsIndirectInputEvents = YES;
				INFOPLIST_KEY_UILaunchScreen_Generation = YES;
				INFOPLIST_KEY_UISupportedInterfaceOrientations_iPad = "UIInterfaceOrientationPortrait UIInterfaceOrientationPortraitUpsideDown UIInterfaceOrientationLandscapeLeft UIInterfaceOrientationLandscapeRight";
				INFOPLIST_KEY_UISupportedInterfaceOrientations_iPhone = "UIInterfaceOrientationPortrait UIInterfaceOrientationLandscapeLeft UIInterfaceOrientationLandscapeRight";
				IPHONEOS_DEPLOYMENT_TARGET = 14.0;
				LD_RUNPATH_SEARCH_PATHS = (
					"$(inherited)",
					"@executable_path/Frameworks",
				);
				MARKETING_VERSION = 1.0;
				PRODUCT_BUNDLE_IDENTIFIER = hojinRyu.FlashCard;
				PRODUCT_NAME = "$(TARGET_NAME)";
				PROVISIONING_PROFILE_SPECIFIER = flashcard_dev;
				SWIFT_EMIT_LOC_STRINGS = YES;
				SWIFT_VERSION = 5.0;
				TARGETED_DEVICE_FAMILY = "1,2";
			};
			name = Debug;
		};
		B499C990271768D600066FE2 /* Release */ = {
			isa = XCBuildConfiguration;
			buildSettings = {
				ASSETCATALOG_COMPILER_APPICON_NAME = AppIcon;
				ASSETCATALOG_COMPILER_GLOBAL_ACCENT_COLOR_NAME = AccentColor;
				CODE_SIGN_ENTITLEMENTS = FlashCards/FlashCards.entitlements;
				CODE_SIGN_IDENTITY = "iPhone Developer";
				CODE_SIGN_STYLE = Manual;
				CURRENT_PROJECT_VERSION = 1;
				DEVELOPMENT_ASSET_PATHS = "\"FlashCards/Preview Content\"";
				DEVELOPMENT_TEAM = 9VK68KN5GR;
				ENABLE_PREVIEWS = YES;
				GENERATE_INFOPLIST_FILE = YES;
				INFOPLIST_FILE = FlashCards/Info.plist;
				INFOPLIST_KEY_UIApplicationSceneManifest_Generation = YES;
				INFOPLIST_KEY_UIApplicationSupportsIndirectInputEvents = YES;
				INFOPLIST_KEY_UILaunchScreen_Generation = YES;
				INFOPLIST_KEY_UISupportedInterfaceOrientations_iPad = "UIInterfaceOrientationPortrait UIInterfaceOrientationPortraitUpsideDown UIInterfaceOrientationLandscapeLeft UIInterfaceOrientationLandscapeRight";
				INFOPLIST_KEY_UISupportedInterfaceOrientations_iPhone = "UIInterfaceOrientationPortrait UIInterfaceOrientationLandscapeLeft UIInterfaceOrientationLandscapeRight";
				IPHONEOS_DEPLOYMENT_TARGET = 14.0;
				LD_RUNPATH_SEARCH_PATHS = (
					"$(inherited)",
					"@executable_path/Frameworks",
				);
				MARKETING_VERSION = 1.0;
				PRODUCT_BUNDLE_IDENTIFIER = hojinRyu.FlashCard;
				PRODUCT_NAME = "$(TARGET_NAME)";
				PROVISIONING_PROFILE_SPECIFIER = flashcard_dev;
				SWIFT_EMIT_LOC_STRINGS = YES;
				SWIFT_VERSION = 5.0;
				TARGETED_DEVICE_FAMILY = "1,2";
			};
			name = Release;
		};
/* End XCBuildConfiguration section */

/* Begin XCConfigurationList section */
		B499C97B271768D500066FE2 /* Build configuration list for PBXProject "FlashCards" */ = {
			isa = XCConfigurationList;
			buildConfigurations = (
				B499C98C271768D600066FE2 /* Debug */,
				B499C98D271768D600066FE2 /* Release */,
			);
			defaultConfigurationIsVisible = 0;
			defaultConfigurationName = Release;
		};
		B499C98E271768D600066FE2 /* Build configuration list for PBXNativeTarget "FlashCards" */ = {
			isa = XCConfigurationList;
			buildConfigurations = (
				B499C98F271768D600066FE2 /* Debug */,
				B499C990271768D600066FE2 /* Release */,
			);
			defaultConfigurationIsVisible = 0;
			defaultConfigurationName = Release;
		};
/* End XCConfigurationList section */
	};
	rootObject = B499C978271768D500066FE2 /* Project object */;
}
